// !$*UTF8*$!
{
	archiveVersion = 1;
	classes = {
	};
	objectVersion = 46;
	objects = {

/* Begin PBXBuildFile section */
		7839591D1B60F5DD002C55CA /* CalendarContainerController.m in Sources */ = {isa = PBXBuildFile; fileRef = 7839591C1B60F5DD002C55CA /* CalendarContainerController.m */; };
		787D3C861B5CE133004E882B /* CalendarDate.m in Sources */ = {isa = PBXBuildFile; fileRef = 787D3C851B5CE133004E882B /* CalendarDate.m */; };
		78BBEFFC1B5DF1C700DE8EDA /* AlarmTableViewController.m in Sources */ = {isa = PBXBuildFile; fileRef = 78BBEFFB1B5DF1C700DE8EDA /* AlarmTableViewController.m */; };
		78BBF0021B5DF32000DE8EDA /* AddScheduleTableViewController.m in Sources */ = {isa = PBXBuildFile; fileRef = 78BBF0011B5DF32000DE8EDA /* AddScheduleTableViewController.m */; };
		78BBF0051B5DF70B00DE8EDA /* ScheduleTableViewModel.m in Sources */ = {isa = PBXBuildFile; fileRef = 78BBF0041B5DF70B00DE8EDA /* ScheduleTableViewModel.m */; };
		78BBF0111B5DFEDE00DE8EDA /* NSDate+HYExtension.m in Sources */ = {isa = PBXBuildFile; fileRef = 78BBF0101B5DFEDE00DE8EDA /* NSDate+HYExtension.m */; };
		78BBF0141B5DFF8500DE8EDA /* ScheduleEvent.m in Sources */ = {isa = PBXBuildFile; fileRef = 78BBF0131B5DFF8500DE8EDA /* ScheduleEvent.m */; };
		78D0ED671B69D58100028BBE /* ScheduleDetailTableViewController.m in Sources */ = {isa = PBXBuildFile; fileRef = 78D0ED661B69D58100028BBE /* ScheduleDetailTableViewController.m */; };
		78D0ED6A1B69EB1200028BBE /* AnnounceTableViewCell.m in Sources */ = {isa = PBXBuildFile; fileRef = 78D0ED691B69EB1200028BBE /* AnnounceTableViewCell.m */; };
		78FBEE331B5C85910022F0CC /* main.m in Sources */ = {isa = PBXBuildFile; fileRef = 78FBEE321B5C85910022F0CC /* main.m */; };
		78FBEE361B5C85910022F0CC /* AppDelegate.m in Sources */ = {isa = PBXBuildFile; fileRef = 78FBEE351B5C85910022F0CC /* AppDelegate.m */; };
		78FBEE3C1B5C85910022F0CC /* Main.storyboard in Resources */ = {isa = PBXBuildFile; fileRef = 78FBEE3A1B5C85910022F0CC /* Main.storyboard */; };
		78FBEE3E1B5C85910022F0CC /* Images.xcassets in Resources */ = {isa = PBXBuildFile; fileRef = 78FBEE3D1B5C85910022F0CC /* Images.xcassets */; };
		78FBEE411B5C85910022F0CC /* LaunchScreen.xib in Resources */ = {isa = PBXBuildFile; fileRef = 78FBEE3F1B5C85910022F0CC /* LaunchScreen.xib */; };
		78FBEE4D1B5C85910022F0CC /* PFA_Calendar_demoTests.m in Sources */ = {isa = PBXBuildFile; fileRef = 78FBEE4C1B5C85910022F0CC /* PFA_Calendar_demoTests.m */; };
		78FBEE5B1B5C97330022F0CC /* CalendarScheduleTableViewController.m in Sources */ = {isa = PBXBuildFile; fileRef = 78FBEE5A1B5C97330022F0CC /* CalendarScheduleTableViewController.m */; };
		78FBEE5E1B5C97520022F0CC /* ScheduleTableViewController.m in Sources */ = {isa = PBXBuildFile; fileRef = 78FBEE5D1B5C97520022F0CC /* ScheduleTableViewController.m */; };
		78FBEE671B5C97D60022F0CC /* CalendarViewController.m in Sources */ = {isa = PBXBuildFile; fileRef = 78FBEE661B5C97D60022F0CC /* CalendarViewController.m */; };
		78FBEE6A1B5C98D10022F0CC /* HYCalendarViewController.m in Sources */ = {isa = PBXBuildFile; fileRef = 78FBEE691B5C98D10022F0CC /* HYCalendarViewController.m */; };
		78FBEE6E1B5C9BD20022F0CC /* ScheduleTableViewCell.m in Sources */ = {isa = PBXBuildFile; fileRef = 78FBEE6C1B5C9BD20022F0CC /* ScheduleTableViewCell.m */; };
		78FBEE731B5C9C1E0022F0CC /* CalendarCollectionViewCell.m in Sources */ = {isa = PBXBuildFile; fileRef = 78FBEE711B5C9C1E0022F0CC /* CalendarCollectionViewCell.m */; };
		78FBEE771B5CCC320022F0CC /* CalendarCollectionViewModel.m in Sources */ = {isa = PBXBuildFile; fileRef = 78FBEE761B5CCC320022F0CC /* CalendarCollectionViewModel.m */; };
		F3089839082BCD7458762CA4 /* libPods.a in Frameworks */ = {isa = PBXBuildFile; fileRef = 31B6F7C00B3C9DA910F22806 /* libPods.a */; };
/* End PBXBuildFile section */

/* Begin PBXContainerItemProxy section */
		78FBEE471B5C85910022F0CC /* PBXContainerItemProxy */ = {
			isa = PBXContainerItemProxy;
			containerPortal = 78FBEE251B5C85910022F0CC /* Project object */;
			proxyType = 1;
			remoteGlobalIDString = 78FBEE2C1B5C85910022F0CC;
			remoteInfo = PFA_Calendar_demo;
		};
/* End PBXContainerItemProxy section */

/* Begin PBXFileReference section */
		31B6F7C00B3C9DA910F22806 /* libPods.a */ = {isa = PBXFileReference; explicitFileType = archive.ar; includeInIndex = 0; path = libPods.a; sourceTree = BUILT_PRODUCTS_DIR; };
		7839591B1B60F5DD002C55CA /* CalendarContainerController.h */ = {isa = PBXFileReference; fileEncoding = 4; lastKnownFileType = sourcecode.c.h; path = CalendarContainerController.h; sourceTree = "<group>"; };
		7839591C1B60F5DD002C55CA /* CalendarContainerController.m */ = {isa = PBXFileReference; fileEncoding = 4; lastKnownFileType = sourcecode.c.objc; path = CalendarContainerController.m; sourceTree = "<group>"; };
		786681B11B5CE710006C17F3 /* libPods-MagicalRecord.a */ = {isa = PBXFileReference; lastKnownFileType = archive.ar; name = "libPods-MagicalRecord.a"; path = "Pods/../build/Debug-iphoneos/libPods-MagicalRecord.a"; sourceTree = "<group>"; };
		786681B31B5CE715006C17F3 /* libPods-Mantle.a */ = {isa = PBXFileReference; lastKnownFileType = archive.ar; name = "libPods-Mantle.a"; path = "Pods/../build/Debug-iphoneos/libPods-Mantle.a"; sourceTree = "<group>"; };
		787D3C841B5CE133004E882B /* CalendarDate.h */ = {isa = PBXFileReference; fileEncoding = 4; lastKnownFileType = sourcecode.c.h; path = CalendarDate.h; sourceTree = "<group>"; };
		787D3C851B5CE133004E882B /* CalendarDate.m */ = {isa = PBXFileReference; fileEncoding = 4; lastKnownFileType = sourcecode.c.objc; path = CalendarDate.m; sourceTree = "<group>"; };
		78BBEFFA1B5DF1C700DE8EDA /* AlarmTableViewController.h */ = {isa = PBXFileReference; fileEncoding = 4; lastKnownFileType = sourcecode.c.h; path = AlarmTableViewController.h; sourceTree = "<group>"; };
		78BBEFFB1B5DF1C700DE8EDA /* AlarmTableViewController.m */ = {isa = PBXFileReference; fileEncoding = 4; lastKnownFileType = sourcecode.c.objc; path = AlarmTableViewController.m; sourceTree = "<group>"; };
		78BBF0001B5DF32000DE8EDA /* AddScheduleTableViewController.h */ = {isa = PBXFileReference; fileEncoding = 4; lastKnownFileType = sourcecode.c.h; path = AddScheduleTableViewController.h; sourceTree = "<group>"; };
		78BBF0011B5DF32000DE8EDA /* AddScheduleTableViewController.m */ = {isa = PBXFileReference; fileEncoding = 4; lastKnownFileType = sourcecode.c.objc; path = AddScheduleTableViewController.m; sourceTree = "<group>"; };
		78BBF0031B5DF70B00DE8EDA /* ScheduleTableViewModel.h */ = {isa = PBXFileReference; fileEncoding = 4; lastKnownFileType = sourcecode.c.h; path = ScheduleTableViewModel.h; sourceTree = "<group>"; };
		78BBF0041B5DF70B00DE8EDA /* ScheduleTableViewModel.m */ = {isa = PBXFileReference; fileEncoding = 4; lastKnownFileType = sourcecode.c.objc; path = ScheduleTableViewModel.m; sourceTree = "<group>"; };
		78BBF00F1B5DFEDE00DE8EDA /* NSDate+HYExtension.h */ = {isa = PBXFileReference; fileEncoding = 4; lastKnownFileType = sourcecode.c.h; path = "NSDate+HYExtension.h"; sourceTree = "<group>"; };
		78BBF0101B5DFEDE00DE8EDA /* NSDate+HYExtension.m */ = {isa = PBXFileReference; fileEncoding = 4; lastKnownFileType = sourcecode.c.objc; path = "NSDate+HYExtension.m"; sourceTree = "<group>"; };
		78BBF0121B5DFF8500DE8EDA /* ScheduleEvent.h */ = {isa = PBXFileReference; fileEncoding = 4; lastKnownFileType = sourcecode.c.h; path = ScheduleEvent.h; sourceTree = "<group>"; };
		78BBF0131B5DFF8500DE8EDA /* ScheduleEvent.m */ = {isa = PBXFileReference; fileEncoding = 4; lastKnownFileType = sourcecode.c.objc; path = ScheduleEvent.m; sourceTree = "<group>"; };
		78D0ED651B69D58100028BBE /* ScheduleDetailTableViewController.h */ = {isa = PBXFileReference; fileEncoding = 4; lastKnownFileType = sourcecode.c.h; path = ScheduleDetailTableViewController.h; sourceTree = "<group>"; };
		78D0ED661B69D58100028BBE /* ScheduleDetailTableViewController.m */ = {isa = PBXFileReference; fileEncoding = 4; lastKnownFileType = sourcecode.c.objc; path = ScheduleDetailTableViewController.m; sourceTree = "<group>"; };
		78D0ED681B69EB1200028BBE /* AnnounceTableViewCell.h */ = {isa = PBXFileReference; fileEncoding = 4; lastKnownFileType = sourcecode.c.h; path = AnnounceTableViewCell.h; sourceTree = "<group>"; };
		78D0ED691B69EB1200028BBE /* AnnounceTableViewCell.m */ = {isa = PBXFileReference; fileEncoding = 4; lastKnownFileType = sourcecode.c.objc; path = AnnounceTableViewCell.m; sourceTree = "<group>"; };
		78FBEE2D1B5C85910022F0CC /* PFA_Calendar_demo.app */ = {isa = PBXFileReference; explicitFileType = wrapper.application; includeInIndex = 0; path = PFA_Calendar_demo.app; sourceTree = BUILT_PRODUCTS_DIR; };
		78FBEE311B5C85910022F0CC /* Info.plist */ = {isa = PBXFileReference; lastKnownFileType = text.plist.xml; path = Info.plist; sourceTree = "<group>"; };
		78FBEE321B5C85910022F0CC /* main.m */ = {isa = PBXFileReference; lastKnownFileType = sourcecode.c.objc; path = main.m; sourceTree = "<group>"; };
		78FBEE341B5C85910022F0CC /* AppDelegate.h */ = {isa = PBXFileReference; lastKnownFileType = sourcecode.c.h; path = AppDelegate.h; sourceTree = "<group>"; };
		78FBEE351B5C85910022F0CC /* AppDelegate.m */ = {isa = PBXFileReference; lastKnownFileType = sourcecode.c.objc; path = AppDelegate.m; sourceTree = "<group>"; };
		78FBEE3B1B5C85910022F0CC /* Base */ = {isa = PBXFileReference; lastKnownFileType = file.storyboard; name = Base; path = Base.lproj/Main.storyboard; sourceTree = "<group>"; };
		78FBEE3D1B5C85910022F0CC /* Images.xcassets */ = {isa = PBXFileReference; lastKnownFileType = folder.assetcatalog; path = Images.xcassets; sourceTree = "<group>"; };
		78FBEE401B5C85910022F0CC /* Base */ = {isa = PBXFileReference; lastKnownFileType = file.xib; name = Base; path = Base.lproj/LaunchScreen.xib; sourceTree = "<group>"; };
		78FBEE461B5C85910022F0CC /* PFA_Calendar_demoTests.xctest */ = {isa = PBXFileReference; explicitFileType = wrapper.cfbundle; includeInIndex = 0; path = PFA_Calendar_demoTests.xctest; sourceTree = BUILT_PRODUCTS_DIR; };
		78FBEE4B1B5C85910022F0CC /* Info.plist */ = {isa = PBXFileReference; lastKnownFileType = text.plist.xml; path = Info.plist; sourceTree = "<group>"; };
		78FBEE4C1B5C85910022F0CC /* PFA_Calendar_demoTests.m */ = {isa = PBXFileReference; lastKnownFileType = sourcecode.c.objc; path = PFA_Calendar_demoTests.m; sourceTree = "<group>"; };
		78FBEE591B5C97330022F0CC /* CalendarScheduleTableViewController.h */ = {isa = PBXFileReference; fileEncoding = 4; lastKnownFileType = sourcecode.c.h; path = CalendarScheduleTableViewController.h; sourceTree = "<group>"; };
		78FBEE5A1B5C97330022F0CC /* CalendarScheduleTableViewController.m */ = {isa = PBXFileReference; fileEncoding = 4; lastKnownFileType = sourcecode.c.objc; path = CalendarScheduleTableViewController.m; sourceTree = "<group>"; };
		78FBEE5C1B5C97520022F0CC /* ScheduleTableViewController.h */ = {isa = PBXFileReference; fileEncoding = 4; lastKnownFileType = sourcecode.c.h; path = ScheduleTableViewController.h; sourceTree = "<group>"; };
		78FBEE5D1B5C97520022F0CC /* ScheduleTableViewController.m */ = {isa = PBXFileReference; fileEncoding = 4; lastKnownFileType = sourcecode.c.objc; path = ScheduleTableViewController.m; sourceTree = "<group>"; };
		78FBEE651B5C97D60022F0CC /* CalendarViewController.h */ = {isa = PBXFileReference; fileEncoding = 4; lastKnownFileType = sourcecode.c.h; path = CalendarViewController.h; sourceTree = "<group>"; };
		78FBEE661B5C97D60022F0CC /* CalendarViewController.m */ = {isa = PBXFileReference; fileEncoding = 4; lastKnownFileType = sourcecode.c.objc; path = CalendarViewController.m; sourceTree = "<group>"; };
		78FBEE681B5C98D10022F0CC /* HYCalendarViewController.h */ = {isa = PBXFileReference; fileEncoding = 4; lastKnownFileType = sourcecode.c.h; path = HYCalendarViewController.h; sourceTree = "<group>"; };
		78FBEE691B5C98D10022F0CC /* HYCalendarViewController.m */ = {isa = PBXFileReference; fileEncoding = 4; lastKnownFileType = sourcecode.c.objc; path = HYCalendarViewController.m; sourceTree = "<group>"; };
		78FBEE6B1B5C9BD20022F0CC /* ScheduleTableViewCell.h */ = {isa = PBXFileReference; fileEncoding = 4; lastKnownFileType = sourcecode.c.h; path = ScheduleTableViewCell.h; sourceTree = "<group>"; };
		78FBEE6C1B5C9BD20022F0CC /* ScheduleTableViewCell.m */ = {isa = PBXFileReference; fileEncoding = 4; lastKnownFileType = sourcecode.c.objc; path = ScheduleTableViewCell.m; sourceTree = "<group>"; };
		78FBEE701B5C9C1D0022F0CC /* CalendarCollectionViewCell.h */ = {isa = PBXFileReference; fileEncoding = 4; lastKnownFileType = sourcecode.c.h; path = CalendarCollectionViewCell.h; sourceTree = "<group>"; };
		78FBEE711B5C9C1E0022F0CC /* CalendarCollectionViewCell.m */ = {isa = PBXFileReference; fileEncoding = 4; lastKnownFileType = sourcecode.c.objc; path = CalendarCollectionViewCell.m; sourceTree = "<group>"; };
		78FBEE751B5CCC320022F0CC /* CalendarCollectionViewModel.h */ = {isa = PBXFileReference; fileEncoding = 4; lastKnownFileType = sourcecode.c.h; path = CalendarCollectionViewModel.h; sourceTree = "<group>"; };
		78FBEE761B5CCC320022F0CC /* CalendarCollectionViewModel.m */ = {isa = PBXFileReference; fileEncoding = 4; lastKnownFileType = sourcecode.c.objc; path = CalendarCollectionViewModel.m; sourceTree = "<group>"; };
		82E7DB86BAA9BC4F60CAB878 /* Pods.release.xcconfig */ = {isa = PBXFileReference; includeInIndex = 1; lastKnownFileType = text.xcconfig; name = Pods.release.xcconfig; path = "Pods/Target Support Files/Pods/Pods.release.xcconfig"; sourceTree = "<group>"; };
		F92982B10BABEA8D54964E52 /* Pods.debug.xcconfig */ = {isa = PBXFileReference; includeInIndex = 1; lastKnownFileType = text.xcconfig; name = Pods.debug.xcconfig; path = "Pods/Target Support Files/Pods/Pods.debug.xcconfig"; sourceTree = "<group>"; };
/* End PBXFileReference section */

/* Begin PBXFrameworksBuildPhase section */
		78FBEE2A1B5C85910022F0CC /* Frameworks */ = {
			isa = PBXFrameworksBuildPhase;
			buildActionMask = 2147483647;
			files = (
				F3089839082BCD7458762CA4 /* libPods.a in Frameworks */,
			);
			runOnlyForDeploymentPostprocessing = 0;
		};
		78FBEE431B5C85910022F0CC /* Frameworks */ = {
			isa = PBXFrameworksBuildPhase;
			buildActionMask = 2147483647;
			files = (
			);
			runOnlyForDeploymentPostprocessing = 0;
		};
/* End PBXFrameworksBuildPhase section */

/* Begin PBXGroup section */
		4B343AF6DA36FADC3ECBB6D4 /* Frameworks */ = {
			isa = PBXGroup;
			children = (
				786681B31B5CE715006C17F3 /* libPods-Mantle.a */,
				786681B11B5CE710006C17F3 /* libPods-MagicalRecord.a */,
				31B6F7C00B3C9DA910F22806 /* libPods.a */,
			);
			name = Frameworks;
			sourceTree = "<group>";
		};
		78671C101B5CD9A500CBE291 /* Model */ = {
			isa = PBXGroup;
			children = (
				787D3C841B5CE133004E882B /* CalendarDate.h */,
				787D3C851B5CE133004E882B /* CalendarDate.m */,
				78BBF0121B5DFF8500DE8EDA /* ScheduleEvent.h */,
				78BBF0131B5DFF8500DE8EDA /* ScheduleEvent.m */,
			);
			name = Model;
			sourceTree = "<group>";
		};
		78BBF00C1B5DFADC00DE8EDA /* CustomView */ = {
			isa = PBXGroup;
			children = (
				78FBEE701B5C9C1D0022F0CC /* CalendarCollectionViewCell.h */,
				78FBEE711B5C9C1E0022F0CC /* CalendarCollectionViewCell.m */,
				78FBEE6B1B5C9BD20022F0CC /* ScheduleTableViewCell.h */,
				78FBEE6C1B5C9BD20022F0CC /* ScheduleTableViewCell.m */,
				78D0ED681B69EB1200028BBE /* AnnounceTableViewCell.h */,
				78D0ED691B69EB1200028BBE /* AnnounceTableViewCell.m */,
			);
			name = CustomView;
			sourceTree = "<group>";
		};
		78BBF00D1B5DFDCC00DE8EDA /* View */ = {
			isa = PBXGroup;
			children = (
				78FBEE681B5C98D10022F0CC /* HYCalendarViewController.h */,
				78FBEE691B5C98D10022F0CC /* HYCalendarViewController.m */,
				7839591B1B60F5DD002C55CA /* CalendarContainerController.h */,
				7839591C1B60F5DD002C55CA /* CalendarContainerController.m */,
				78FBEE651B5C97D60022F0CC /* CalendarViewController.h */,
				78FBEE661B5C97D60022F0CC /* CalendarViewController.m */,
				78FBEE591B5C97330022F0CC /* CalendarScheduleTableViewController.h */,
				78FBEE5A1B5C97330022F0CC /* CalendarScheduleTableViewController.m */,
				78FBEE5C1B5C97520022F0CC /* ScheduleTableViewController.h */,
				78FBEE5D1B5C97520022F0CC /* ScheduleTableViewController.m */,
				78BBF0001B5DF32000DE8EDA /* AddScheduleTableViewController.h */,
				78BBF0011B5DF32000DE8EDA /* AddScheduleTableViewController.m */,
				78D0ED651B69D58100028BBE /* ScheduleDetailTableViewController.h */,
				78D0ED661B69D58100028BBE /* ScheduleDetailTableViewController.m */,
				78BBEFFA1B5DF1C700DE8EDA /* AlarmTableViewController.h */,
				78BBEFFB1B5DF1C700DE8EDA /* AlarmTableViewController.m */,
				78BBF00C1B5DFADC00DE8EDA /* CustomView */,
			);
			name = View;
			sourceTree = "<group>";
		};
		78D0ED6B1B6A45BC00028BBE /* Util */ = {
			isa = PBXGroup;
			children = (
				78BBF00F1B5DFEDE00DE8EDA /* NSDate+HYExtension.h */,
				78BBF0101B5DFEDE00DE8EDA /* NSDate+HYExtension.m */,
			);
			name = Util;
			sourceTree = "<group>";
		};
		78FBEE241B5C85910022F0CC = {
			isa = PBXGroup;
			children = (
				78FBEE2F1B5C85910022F0CC /* PFA_Calendar_demo */,
				78FBEE491B5C85910022F0CC /* PFA_Calendar_demoTests */,
				78FBEE2E1B5C85910022F0CC /* Products */,
				D91BAA1A98898E1FD892DB23 /* Pods */,
				4B343AF6DA36FADC3ECBB6D4 /* Frameworks */,
			);
			sourceTree = "<group>";
		};
		78FBEE2E1B5C85910022F0CC /* Products */ = {
			isa = PBXGroup;
			children = (
				78FBEE2D1B5C85910022F0CC /* PFA_Calendar_demo.app */,
				78FBEE461B5C85910022F0CC /* PFA_Calendar_demoTests.xctest */,
			);
			name = Products;
			sourceTree = "<group>";
		};
		78FBEE2F1B5C85910022F0CC /* PFA_Calendar_demo */ = {
			isa = PBXGroup;
			children = (
				78FBEE341B5C85910022F0CC /* AppDelegate.h */,
				78FBEE351B5C85910022F0CC /* AppDelegate.m */,
				78671C101B5CD9A500CBE291 /* Model */,
				78BBF00D1B5DFDCC00DE8EDA /* View */,
				78FBEE781B5CCC390022F0CC /* ViewModel */,
				78D0ED6B1B6A45BC00028BBE /* Util */,
				78FBEE3A1B5C85910022F0CC /* Main.storyboard */,
				78FBEE3D1B5C85910022F0CC /* Images.xcassets */,
				78FBEE3F1B5C85910022F0CC /* LaunchScreen.xib */,
				78FBEE301B5C85910022F0CC /* Supporting Files */,
			);
			path = PFA_Calendar_demo;
			sourceTree = "<group>";
		};
		78FBEE301B5C85910022F0CC /* Supporting Files */ = {
			isa = PBXGroup;
			children = (
				78FBEE311B5C85910022F0CC /* Info.plist */,
				78FBEE321B5C85910022F0CC /* main.m */,
			);
			name = "Supporting Files";
			sourceTree = "<group>";
		};
		78FBEE491B5C85910022F0CC /* PFA_Calendar_demoTests */ = {
			isa = PBXGroup;
			children = (
				78FBEE4C1B5C85910022F0CC /* PFA_Calendar_demoTests.m */,
				78FBEE4A1B5C85910022F0CC /* Supporting Files */,
			);
			path = PFA_Calendar_demoTests;
			sourceTree = "<group>";
		};
		78FBEE4A1B5C85910022F0CC /* Supporting Files */ = {
			isa = PBXGroup;
			children = (
				78FBEE4B1B5C85910022F0CC /* Info.plist */,
			);
			name = "Supporting Files";
			sourceTree = "<group>";
		};
		78FBEE781B5CCC390022F0CC /* ViewModel */ = {
			isa = PBXGroup;
			children = (
				78FBEE751B5CCC320022F0CC /* CalendarCollectionViewModel.h */,
				78FBEE761B5CCC320022F0CC /* CalendarCollectionViewModel.m */,
				78BBF0031B5DF70B00DE8EDA /* ScheduleTableViewModel.h */,
				78BBF0041B5DF70B00DE8EDA /* ScheduleTableViewModel.m */,
			);
			name = ViewModel;
			sourceTree = "<group>";
		};
		D91BAA1A98898E1FD892DB23 /* Pods */ = {
			isa = PBXGroup;
			children = (
				F92982B10BABEA8D54964E52 /* Pods.debug.xcconfig */,
				82E7DB86BAA9BC4F60CAB878 /* Pods.release.xcconfig */,
			);
			name = Pods;
			sourceTree = "<group>";
		};
/* End PBXGroup section */

/* Begin PBXNativeTarget section */
		78FBEE2C1B5C85910022F0CC /* PFA_Calendar_demo */ = {
			isa = PBXNativeTarget;
			buildConfigurationList = 78FBEE501B5C85910022F0CC /* Build configuration list for PBXNativeTarget "PFA_Calendar_demo" */;
			buildPhases = (
				8B2451E863BC7685ED198484 /* Check Pods Manifest.lock */,
				78FBEE291B5C85910022F0CC /* Sources */,
				78FBEE2A1B5C85910022F0CC /* Frameworks */,
				78FBEE2B1B5C85910022F0CC /* Resources */,
				2566BB21512633B50F4E45F4 /* Copy Pods Resources */,
			);
			buildRules = (
			);
			dependencies = (
			);
			name = PFA_Calendar_demo;
			productName = PFA_Calendar_demo;
			productReference = 78FBEE2D1B5C85910022F0CC /* PFA_Calendar_demo.app */;
			productType = "com.apple.product-type.application";
		};
		78FBEE451B5C85910022F0CC /* PFA_Calendar_demoTests */ = {
			isa = PBXNativeTarget;
			buildConfigurationList = 78FBEE531B5C85910022F0CC /* Build configuration list for PBXNativeTarget "PFA_Calendar_demoTests" */;
			buildPhases = (
				78FBEE421B5C85910022F0CC /* Sources */,
				78FBEE431B5C85910022F0CC /* Frameworks */,
				78FBEE441B5C85910022F0CC /* Resources */,
			);
			buildRules = (
			);
			dependencies = (
				78FBEE481B5C85910022F0CC /* PBXTargetDependency */,
			);
			name = PFA_Calendar_demoTests;
			productName = PFA_Calendar_demoTests;
			productReference = 78FBEE461B5C85910022F0CC /* PFA_Calendar_demoTests.xctest */;
			productType = "com.apple.product-type.bundle.unit-test";
		};
/* End PBXNativeTarget section */

/* Begin PBXProject section */
		78FBEE251B5C85910022F0CC /* Project object */ = {
			isa = PBXProject;
			attributes = {
				LastUpgradeCheck = 0630;
				ORGANIZATIONNAME = fenrir_cd08;
				TargetAttributes = {
					78FBEE2C1B5C85910022F0CC = {
						CreatedOnToolsVersion = 6.3.2;
					};
					78FBEE451B5C85910022F0CC = {
						CreatedOnToolsVersion = 6.3.2;
						TestTargetID = 78FBEE2C1B5C85910022F0CC;
					};
				};
			};
			buildConfigurationList = 78FBEE281B5C85910022F0CC /* Build configuration list for PBXProject "PFA_Calendar_demo" */;
			compatibilityVersion = "Xcode 3.2";
			developmentRegion = English;
			hasScannedForEncodings = 0;
			knownRegions = (
				en,
				Base,
			);
			mainGroup = 78FBEE241B5C85910022F0CC;
			productRefGroup = 78FBEE2E1B5C85910022F0CC /* Products */;
			projectDirPath = "";
			projectRoot = "";
			targets = (
				78FBEE2C1B5C85910022F0CC /* PFA_Calendar_demo */,
				78FBEE451B5C85910022F0CC /* PFA_Calendar_demoTests */,
			);
		};
/* End PBXProject section */

/* Begin PBXResourcesBuildPhase section */
		78FBEE2B1B5C85910022F0CC /* Resources */ = {
			isa = PBXResourcesBuildPhase;
			buildActionMask = 2147483647;
			files = (
				78FBEE3C1B5C85910022F0CC /* Main.storyboard in Resources */,
				78FBEE411B5C85910022F0CC /* LaunchScreen.xib in Resources */,
				78FBEE3E1B5C85910022F0CC /* Images.xcassets in Resources */,
			);
			runOnlyForDeploymentPostprocessing = 0;
		};
		78FBEE441B5C85910022F0CC /* Resources */ = {
			isa = PBXResourcesBuildPhase;
			buildActionMask = 2147483647;
			files = (
			);
			runOnlyForDeploymentPostprocessing = 0;
		};
/* End PBXResourcesBuildPhase section */

/* Begin PBXShellScriptBuildPhase section */
		2566BB21512633B50F4E45F4 /* Copy Pods Resources */ = {
			isa = PBXShellScriptBuildPhase;
			buildActionMask = 2147483647;
			files = (
			);
			inputPaths = (
			);
			name = "Copy Pods Resources";
			outputPaths = (
			);
			runOnlyForDeploymentPostprocessing = 0;
			shellPath = /bin/sh;
			shellScript = "\"${SRCROOT}/Pods/Target Support Files/Pods/Pods-resources.sh\"\n";
			showEnvVarsInLog = 0;
		};
		8B2451E863BC7685ED198484 /* Check Pods Manifest.lock */ = {
			isa = PBXShellScriptBuildPhase;
			buildActionMask = 2147483647;
			files = (
			);
			inputPaths = (
			);
			name = "Check Pods Manifest.lock";
			outputPaths = (
			);
			runOnlyForDeploymentPostprocessing = 0;
			shellPath = /bin/sh;
			shellScript = "diff \"${PODS_ROOT}/../Podfile.lock\" \"${PODS_ROOT}/Manifest.lock\" > /dev/null\nif [[ $? != 0 ]] ; then\n    cat << EOM\nerror: The sandbox is not in sync with the Podfile.lock. Run 'pod install' or update your CocoaPods installation.\nEOM\n    exit 1\nfi\n";
			showEnvVarsInLog = 0;
		};
/* End PBXShellScriptBuildPhase section */

/* Begin PBXSourcesBuildPhase section */
		78FBEE291B5C85910022F0CC /* Sources */ = {
			isa = PBXSourcesBuildPhase;
			buildActionMask = 2147483647;
			files = (
				78FBEE731B5C9C1E0022F0CC /* CalendarCollectionViewCell.m in Sources */,
				78FBEE6A1B5C98D10022F0CC /* HYCalendarViewController.m in Sources */,
				7839591D1B60F5DD002C55CA /* CalendarContainerController.m in Sources */,
				78FBEE361B5C85910022F0CC /* AppDelegate.m in Sources */,
				787D3C861B5CE133004E882B /* CalendarDate.m in Sources */,
				78BBF0051B5DF70B00DE8EDA /* ScheduleTableViewModel.m in Sources */,
				78FBEE771B5CCC320022F0CC /* CalendarCollectionViewModel.m in Sources */,
				78D0ED671B69D58100028BBE /* ScheduleDetailTableViewController.m in Sources */,
				78D0ED6A1B69EB1200028BBE /* AnnounceTableViewCell.m in Sources */,
				78FBEE331B5C85910022F0CC /* main.m in Sources */,
				78FBEE5E1B5C97520022F0CC /* ScheduleTableViewController.m in Sources */,
				78BBF0111B5DFEDE00DE8EDA /* NSDate+HYExtension.m in Sources */,
				78FBEE671B5C97D60022F0CC /* CalendarViewController.m in Sources */,
				78BBF0021B5DF32000DE8EDA /* AddScheduleTableViewController.m in Sources */,
				78FBEE5B1B5C97330022F0CC /* CalendarScheduleTableViewController.m in Sources */,
				78BBEFFC1B5DF1C700DE8EDA /* AlarmTableViewController.m in Sources */,
				78BBF0141B5DFF8500DE8EDA /* ScheduleEvent.m in Sources */,
				78FBEE6E1B5C9BD20022F0CC /* ScheduleTableViewCell.m in Sources */,
			);
			runOnlyForDeploymentPostprocessing = 0;
		};
		78FBEE421B5C85910022F0CC /* Sources */ = {
			isa = PBXSourcesBuildPhase;
			buildActionMask = 2147483647;
			files = (
				78FBEE4D1B5C85910022F0CC /* PFA_Calendar_demoTests.m in Sources */,
			);
			runOnlyForDeploymentPostprocessing = 0;
		};
/* End PBXSourcesBuildPhase section */

/* Begin PBXTargetDependency section */
		78FBEE481B5C85910022F0CC /* PBXTargetDependency */ = {
			isa = PBXTargetDependency;
			target = 78FBEE2C1B5C85910022F0CC /* PFA_Calendar_demo */;
			targetProxy = 78FBEE471B5C85910022F0CC /* PBXContainerItemProxy */;
		};
/* End PBXTargetDependency section */

/* Begin PBXVariantGroup section */
		78FBEE3A1B5C85910022F0CC /* Main.storyboard */ = {
			isa = PBXVariantGroup;
			children = (
				78FBEE3B1B5C85910022F0CC /* Base */,
			);
			name = Main.storyboard;
			sourceTree = "<group>";
		};
		78FBEE3F1B5C85910022F0CC /* LaunchScreen.xib */ = {
			isa = PBXVariantGroup;
			children = (
				78FBEE401B5C85910022F0CC /* Base */,
			);
			name = LaunchScreen.xib;
			sourceTree = "<group>";
		};
/* End PBXVariantGroup section */

/* Begin XCBuildConfiguration section */
		78FBEE4E1B5C85910022F0CC /* Debug */ = {
			isa = XCBuildConfiguration;
			buildSettings = {
				ALWAYS_SEARCH_USER_PATHS = NO;
				CLANG_CXX_LANGUAGE_STANDARD = "gnu++0x";
				CLANG_CXX_LIBRARY = "libc++";
				CLANG_ENABLE_MODULES = YES;
				CLANG_ENABLE_OBJC_ARC = YES;
				CLANG_WARN_BOOL_CONVERSION = YES;
				CLANG_WARN_CONSTANT_CONVERSION = YES;
				CLANG_WARN_DIRECT_OBJC_ISA_USAGE = YES_ERROR;
				CLANG_WARN_EMPTY_BODY = YES;
				CLANG_WARN_ENUM_CONVERSION = YES;
				CLANG_WARN_INT_CONVERSION = YES;
				CLANG_WARN_OBJC_ROOT_CLASS = YES_ERROR;
				CLANG_WARN_UNREACHABLE_CODE = YES;
				CLANG_WARN__DUPLICATE_METHOD_MATCH = YES;
				"CODE_SIGN_IDENTITY[sdk=iphoneos*]" = "iPhone Developer";
				COPY_PHASE_STRIP = NO;
				DEBUG_INFORMATION_FORMAT = "dwarf-with-dsym";
				ENABLE_STRICT_OBJC_MSGSEND = YES;
				GCC_C_LANGUAGE_STANDARD = gnu99;
				GCC_DYNAMIC_NO_PIC = NO;
				GCC_NO_COMMON_BLOCKS = YES;
				GCC_OPTIMIZATION_LEVEL = 0;
				GCC_PREPROCESSOR_DEFINITIONS = (
					"DEBUG=1",
					"$(inherited)",
				);
				GCC_SYMBOLS_PRIVATE_EXTERN = NO;
				GCC_WARN_64_TO_32_BIT_CONVERSION = YES;
				GCC_WARN_ABOUT_RETURN_TYPE = YES_ERROR;
				GCC_WARN_UNDECLARED_SELECTOR = YES;
				GCC_WARN_UNINITIALIZED_AUTOS = YES_AGGRESSIVE;
				GCC_WARN_UNUSED_FUNCTION = YES;
				GCC_WARN_UNUSED_VARIABLE = YES;
				IPHONEOS_DEPLOYMENT_TARGET = 7.0;
				MTL_ENABLE_DEBUG_INFO = YES;
				ONLY_ACTIVE_ARCH = YES;
				SDKROOT = iphoneos;
			};
			name = Debug;
		};
		78FBEE4F1B5C85910022F0CC /* Release */ = {
			isa = XCBuildConfiguration;
			buildSettings = {
				ALWAYS_SEARCH_USER_PATHS = NO;
				CLANG_CXX_LANGUAGE_STANDARD = "gnu++0x";
				CLANG_CXX_LIBRARY = "libc++";
				CLANG_ENABLE_MODULES = YES;
				CLANG_ENABLE_OBJC_ARC = YES;
				CLANG_WARN_BOOL_CONVERSION = YES;
				CLANG_WARN_CONSTANT_CONVERSION = YES;
				CLANG_WARN_DIRECT_OBJC_ISA_USAGE = YES_ERROR;
				CLANG_WARN_EMPTY_BODY = YES;
				CLANG_WARN_ENUM_CONVERSION = YES;
				CLANG_WARN_INT_CONVERSION = YES;
				CLANG_WARN_OBJC_ROOT_CLASS = YES_ERROR;
				CLANG_WARN_UNREACHABLE_CODE = YES;
				CLANG_WARN__DUPLICATE_METHOD_MATCH = YES;
				"CODE_SIGN_IDENTITY[sdk=iphoneos*]" = "iPhone Developer";
				COPY_PHASE_STRIP = NO;
				DEBUG_INFORMATION_FORMAT = "dwarf-with-dsym";
				ENABLE_NS_ASSERTIONS = NO;
				ENABLE_STRICT_OBJC_MSGSEND = YES;
				GCC_C_LANGUAGE_STANDARD = gnu99;
				GCC_NO_COMMON_BLOCKS = YES;
				GCC_WARN_64_TO_32_BIT_CONVERSION = YES;
				GCC_WARN_ABOUT_RETURN_TYPE = YES_ERROR;
				GCC_WARN_UNDECLARED_SELECTOR = YES;
				GCC_WARN_UNINITIALIZED_AUTOS = YES_AGGRESSIVE;
				GCC_WARN_UNUSED_FUNCTION = YES;
				GCC_WARN_UNUSED_VARIABLE = YES;
				IPHONEOS_DEPLOYMENT_TARGET = 7.0;
				MTL_ENABLE_DEBUG_INFO = NO;
				SDKROOT = iphoneos;
				VALIDATE_PRODUCT = YES;
			};
			name = Release;
		};
		78FBEE511B5C85910022F0CC /* Debug */ = {
			isa = XCBuildConfiguration;
			baseConfigurationReference = F92982B10BABEA8D54964E52 /* Pods.debug.xcconfig */;
			buildSettings = {
				ASSETCATALOG_COMPILER_APPICON_NAME = AppIcon;
				INFOPLIST_FILE = PFA_Calendar_demo/Info.plist;
				LD_RUNPATH_SEARCH_PATHS = "$(inherited) @executable_path/Frameworks";
				LIBRARY_SEARCH_PATHS = (
					"$(inherited)",
					"$(PROJECT_DIR)/build/Debug-iphoneos",
				);
				PRODUCT_NAME = "$(TARGET_NAME)";
			};
			name = Debug;
		};
		78FBEE521B5C85910022F0CC /* Release */ = {
			isa = XCBuildConfiguration;
			baseConfigurationReference = 82E7DB86BAA9BC4F60CAB878 /* Pods.release.xcconfig */;
			buildSettings = {
				ASSETCATALOG_COMPILER_APPICON_NAME = AppIcon;
				INFOPLIST_FILE = PFA_Calendar_demo/Info.plist;
				LD_RUNPATH_SEARCH_PATHS = "$(inherited) @executable_path/Frameworks";
				LIBRARY_SEARCH_PATHS = (
					"$(inherited)",
					"$(PROJECT_DIR)/build/Debug-iphoneos",
				);
				PRODUCT_NAME = "$(TARGET_NAME)";
			};
			name = Release;
		};
		78FBEE541B5C85910022F0CC /* Debug */ = {
			isa = XCBuildConfiguration;
			buildSettings = {
				BUNDLE_LOADER = "$(TEST_HOST)";
				FRAMEWORK_SEARCH_PATHS = (
					"$(SDKROOT)/Developer/Library/Frameworks",
					"$(inherited)",
				);
				GCC_PREPROCESSOR_DEFINITIONS = (
					"DEBUG=1",
					"$(inherited)",
				);
				INFOPLIST_FILE = PFA_Calendar_demoTests/Info.plist;
				LD_RUNPATH_SEARCH_PATHS = "$(inherited) @executable_path/Frameworks @loader_path/Frameworks";
				PRODUCT_NAME = "$(TARGET_NAME)";
				TEST_HOST = "$(BUILT_PRODUCTS_DIR)/PFA_Calendar_demo.app/PFA_Calendar_demo";
			};
			name = Debug;
		};
		78FBEE551B5C85910022F0CC /* Release */ = {
			isa = XCBuildConfiguration;
			buildSettings = {
				BUNDLE_LOADER = "$(TEST_HOST)";
				FRAMEWORK_SEARCH_PATHS = (
					"$(SDKROOT)/Developer/Library/Frameworks",
					"$(inherited)",
				);
				INFOPLIST_FILE = PFA_Calendar_demoTests/Info.plist;
				LD_RUNPATH_SEARCH_PATHS = "$(inherited) @executable_path/Frameworks @loader_path/Frameworks";
				PRODUCT_NAME = "$(TARGET_NAME)";
				TEST_HOST = "$(BUILT_PRODUCTS_DIR)/PFA_Calendar_demo.app/PFA_Calendar_demo";
			};
			name = Release;
		};
/* End XCBuildConfiguration section */

/* Begin XCConfigurationList section */
		78FBEE281B5C85910022F0CC /* Build configuration list for PBXProject "PFA_Calendar_demo" */ = {
			isa = XCConfigurationList;
			buildConfigurations = (
				78FBEE4E1B5C85910022F0CC /* Debug */,
				78FBEE4F1B5C85910022F0CC /* Release */,
			);
			defaultConfigurationIsVisible = 0;
			defaultConfigurationName = Release;
		};
		78FBEE501B5C85910022F0CC /* Build configuration list for PBXNativeTarget "PFA_Calendar_demo" */ = {
			isa = XCConfigurationList;
			buildConfigurations = (
				78FBEE511B5C85910022F0CC /* Debug */,
				78FBEE521B5C85910022F0CC /* Release */,
			);
			defaultConfigurationIsVisible = 0;
			defaultConfigurationName = Release;
		};
		78FBEE531B5C85910022F0CC /* Build configuration list for PBXNativeTarget "PFA_Calendar_demoTests" */ = {
			isa = XCConfigurationList;
			buildConfigurations = (
				78FBEE541B5C85910022F0CC /* Debug */,
				78FBEE551B5C85910022F0CC /* Release */,
			);
			defaultConfigurationIsVisible = 0;
			defaultConfigurationName = Release;
		};
/* End XCConfigurationList section */
	};
	rootObject = 78FBEE251B5C85910022F0CC /* Project object */;
}
